
Microsoft Visual Studio Solution File, Format Version 12.00
# Visual Studio 15
VisualStudioVersion = 15.0.27130.2026
MinimumVisualStudioVersion = 10.0.40219.1
Project("{8BC9CEB8-8B4A-11D0-8D11-00A0C91BC942}") = "ProcessMFC", "ProcessMFC\ProcessMFC.vcxproj", "{4DA9F9E8-DB31-4D62-9267-01B2FAD0545C}"
EndProject
Global
	GlobalSection(SolutionConfigurationPlatforms) = preSolution
		Debug|x64 = Debug|x64
		Debug|x86 = Debug|x86
		Release|x64 = Release|x64
		Release|x86 = Release|x86
	EndGlobalSection
	GlobalSection(ProjectConfigurationPlatforms) = postSolution
		{4DA9F9E8-DB31-4D62-9267-01B2FAD0545C}.Debug|x64.ActiveCfg = Debug|x64
		{4DA9F9E8-DB31-4D62-9267-01B2FAD0545C}.Debug|x64.Build.0 = Debug|x64
		{4DA9F9E8-DB31-4D62-9267-01B2FAD0545C}.Debug|x86.ActiveCfg = Debug|Win32
		{4DA9F9E8-DB31-4D62-9267-01B2FAD0545C}.Debug|x86.Build.0 = Debug|Win32
		{4DA9F9E8-DB31-4D62-9267-01B2FAD0545C}.Release|x64.ActiveCfg = Release|x64
		{4DA9F9E8-DB31-4D62-9267-01B2FAD0545C}.Release|x64.Build.0 = Release|x64
		{4DA9F9E8-DB31-4D62-9267-01B2FAD0545C}.Release|x86.ActiveCfg = Release|Win32
		{4DA9F9E8-DB31-4D62-9267-01B2FAD0545C}.Release|x86.Build.0 = Release|Win32
	EndGlobalSection
	GlobalSection(SolutionProperties) = preSolution
		HideSolutionNode = FALSE
	EndGlobalSection
	GlobalSection(ExtensibilityGlobals) = postSolution
		SolutionGuid = {3DBC45A4-3E01-47D9-82C5-E2AD2EBA811D}
	EndGlobalSection
EndGlobal
